<Solution>
    <Project Path="Example/Example.csproj">
        <BuildDependency Project="NativeInvoke/NativeInvoke.csproj"/>
    </Project>
    <Project Path="NativeInvoke/NativeInvoke.csproj"/>
    <Project Path="NativeInvoke.Tests/NativeInvoke.Tests.csproj">
        <BuildDependency Project="NativeInvoke/NativeInvoke.csproj"/>
    </Project>
</Solution>
