<Solution>
    <Project Path="Example/Example.csproj">
        <BuildDependency Project="NativeInvoke/NativeInvoke.csproj" />
        <BuildType Solution="Debug|*" Project="Local" />
        <BuildType Solution="Release|*" Project="NuGet" />
    </Project>
    <Project Path="NativeInvoke/NativeInvoke.csproj" />
</Solution>
